
Microsoft Visual Studio Solution File, Format Version 12.00
# Visual Studio Version 17
VisualStudioVersion = 17.14.36401.2 d17.14
MinimumVisualStudioVersion = 10.0.40219.1
Project("{FAE04EC0-301F-11D3-BF4B-00C04F79EFBC}") = "Foody", "Foody\Foody.csproj", "{89176A44-ECE7-40D3-9E0C-B095B3DE776E}"
EndProject
Global
	GlobalSection(SolutionConfigurationPlatforms) = preSolution
		Debug|Any CPU = Debug|Any CPU
		Release|Any CPU = Release|Any CPU
	EndGlobalSection
	GlobalSection(ProjectConfigurationPlatforms) = postSolution
		{89176A44-ECE7-40D3-9E0C-B095B3DE776E}.Debug|Any CPU.ActiveCfg = Debug|Any CPU
		{89176A44-ECE7-40D3-9E0C-B095B3DE776E}.Debug|Any CPU.Build.0 = Debug|Any CPU
		{89176A44-ECE7-40D3-9E0C-B095B3DE776E}.Release|Any CPU.ActiveCfg = Release|Any CPU
		{89176A44-ECE7-40D3-9E0C-B095B3DE776E}.Release|Any CPU.Build.0 = Release|Any CPU
	EndGlobalSection
	GlobalSection(SolutionProperties) = preSolution
		HideSolutionNode = FALSE
	EndGlobalSection
	GlobalSection(ExtensibilityGlobals) = postSolution
		SolutionGuid = {2F850FCC-AADA-42EF-B13C-BA3E020FF5FF}
	EndGlobalSection
EndGlobal
